
Microsoft Visual Studio Solution File, Format Version 12.00
# Visual Studio Version 16
VisualStudioVersion = 16.0.32228.343
MinimumVisualStudioVersion = 10.0.40219.1
Project("{FAE04EC0-301F-11D3-BF4B-00C04F79EFBC}") = "YeniTASK", "YeniTASK\YeniTASK.csproj", "{C1AC5ADE-BE9A-4E31-A592-16EBD15DAFCE}"
EndProject
Global
	GlobalSection(SolutionConfigurationPlatforms) = preSolution
		Debug|Any CPU = Debug|Any CPU
		Release|Any CPU = Release|Any CPU
	EndGlobalSection
	GlobalSection(ProjectConfigurationPlatforms) = postSolution
		{C1AC5ADE-BE9A-4E31-A592-16EBD15DAFCE}.Debug|Any CPU.ActiveCfg = Debug|Any CPU
		{C1AC5ADE-BE9A-4E31-A592-16EBD15DAFCE}.Debug|Any CPU.Build.0 = Debug|Any CPU
		{C1AC5ADE-BE9A-4E31-A592-16EBD15DAFCE}.Release|Any CPU.ActiveCfg = Release|Any CPU
		{C1AC5ADE-BE9A-4E31-A592-16EBD15DAFCE}.Release|Any CPU.Build.0 = Release|Any CPU
	EndGlobalSection
	GlobalSection(SolutionProperties) = preSolution
		HideSolutionNode = FALSE
	EndGlobalSection
	GlobalSection(ExtensibilityGlobals) = postSolution
		SolutionGuid = {EE7FDD80-66C3-4451-8ADF-B695FD648404}
	EndGlobalSection
EndGlobal
